
Microsoft Visual Studio Solution File, Format Version 12.00
# 
VisualStudioVersion = 17.5.002.0
MinimumVisualStudioVersion = 
Project("{FAE04EC0-301F-11D3-BF4B-00C04F79EFBC}") = "Domain.Tests", "tests\Domain.Tests\Domain.Tests.csproj", "{F20D48ED-7296-4036-88DA-A00EEEB23A98}"
EndProject
Project("{2150E333-8FDC-42A3-9474-1A3956D46DE8}") = "src", "src", "{26044AB1-FDF0-4F38-90E4-FDEC7E3877F6}"
EndProject
Project("{FAE04EC0-301F-11D3-BF4B-00C04F79EFBC}") = "API", "src\API\API.csproj", "{4F873A99-0098-419B-A849-9C1E86B55A03}"
EndProject
Project("{FAE04EC0-301F-11D3-BF4B-00C04F79EFBC}") = "Application", "src\Application\Application.csproj", "{4E7CC45F-784E-40DE-A731-19F3BEBC8F13}"
EndProject
Project("{FAE04EC0-301F-11D3-BF4B-00C04F79EFBC}") = "Domain", "src\Domain\Domain.csproj", "{B9C69405-DEC0-4CB3-A8D5-DEF802CAA3EC}"
EndProject
Project("{FAE04EC0-301F-11D3-BF4B-00C04F79EFBC}") = "Infra", "src\Infra\Infra.csproj", "{D456B039-E526-40DC-A99E-526666B61513}"
EndProject
Global
	GlobalSection(SolutionConfigurationPlatforms) = preSolution
		Debug|Any CPU = Debug|Any CPU
		Release|Any CPU = Release|Any CPU
	EndGlobalSection
	GlobalSection(ProjectConfigurationPlatforms) = postSolution
		{F20D48ED-7296-4036-88DA-A00EEEB23A98}.Debug|Any CPU.ActiveCfg = Debug|Any CPU
		{F20D48ED-7296-4036-88DA-A00EEEB23A98}.Debug|Any CPU.Build.0 = Debug|Any CPU
		{F20D48ED-7296-4036-88DA-A00EEEB23A98}.Release|Any CPU.ActiveCfg = Release|Any CPU
		{F20D48ED-7296-4036-88DA-A00EEEB23A98}.Release|Any CPU.Build.0 = Release|Any CPU
		{4F873A99-0098-419B-A849-9C1E86B55A03}.Debug|Any CPU.ActiveCfg = Debug|Any CPU
		{4F873A99-0098-419B-A849-9C1E86B55A03}.Debug|Any CPU.Build.0 = Debug|Any CPU
		{4F873A99-0098-419B-A849-9C1E86B55A03}.Release|Any CPU.ActiveCfg = Release|Any CPU
		{4F873A99-0098-419B-A849-9C1E86B55A03}.Release|Any CPU.Build.0 = Release|Any CPU
		{4E7CC45F-784E-40DE-A731-19F3BEBC8F13}.Debug|Any CPU.ActiveCfg = Debug|Any CPU
		{4E7CC45F-784E-40DE-A731-19F3BEBC8F13}.Debug|Any CPU.Build.0 = Debug|Any CPU
		{4E7CC45F-784E-40DE-A731-19F3BEBC8F13}.Release|Any CPU.ActiveCfg = Release|Any CPU
		{4E7CC45F-784E-40DE-A731-19F3BEBC8F13}.Release|Any CPU.Build.0 = Release|Any CPU
		{B9C69405-DEC0-4CB3-A8D5-DEF802CAA3EC}.Debug|Any CPU.ActiveCfg = Debug|Any CPU
		{B9C69405-DEC0-4CB3-A8D5-DEF802CAA3EC}.Debug|Any CPU.Build.0 = Debug|Any CPU
		{B9C69405-DEC0-4CB3-A8D5-DEF802CAA3EC}.Release|Any CPU.ActiveCfg = Release|Any CPU
		{B9C69405-DEC0-4CB3-A8D5-DEF802CAA3EC}.Release|Any CPU.Build.0 = Release|Any CPU
		{D456B039-E526-40DC-A99E-526666B61513}.Debug|Any CPU.ActiveCfg = Debug|Any CPU
		{D456B039-E526-40DC-A99E-526666B61513}.Debug|Any CPU.Build.0 = Debug|Any CPU
		{D456B039-E526-40DC-A99E-526666B61513}.Release|Any CPU.ActiveCfg = Release|Any CPU
		{D456B039-E526-40DC-A99E-526666B61513}.Release|Any CPU.Build.0 = Release|Any CPU
	EndGlobalSection
	GlobalSection(SolutionProperties) = preSolution
		HideSolutionNode = FALSE
	EndGlobalSection
	GlobalSection(NestedProjects) = preSolution
		{4F873A99-0098-419B-A849-9C1E86B55A03} = {26044AB1-FDF0-4F38-90E4-FDEC7E3877F6}
		{4E7CC45F-784E-40DE-A731-19F3BEBC8F13} = {26044AB1-FDF0-4F38-90E4-FDEC7E3877F6}
		{B9C69405-DEC0-4CB3-A8D5-DEF802CAA3EC} = {26044AB1-FDF0-4F38-90E4-FDEC7E3877F6}
		{D456B039-E526-40DC-A99E-526666B61513} = {26044AB1-FDF0-4F38-90E4-FDEC7E3877F6}
	EndGlobalSection
EndGlobal
