
Microsoft Visual Studio Solution File, Format Version 12.00
# Visual Studio Version 17
VisualStudioVersion = 17.5.002.0
MinimumVisualStudioVersion = 10.0.40219.1
Project("{9A19103F-16F7-4668-BE54-9A1E7A4F7556}") = "Infra", "src\Infra\Infra.csproj", "{DA2660A1-940A-4435-A835-D433D878D08D}"
EndProject
Project("{9A19103F-16F7-4668-BE54-9A1E7A4F7556}") = "Domain", "src\Domain\Domain.csproj", "{C3879697-E2BB-4EEA-9B8B-DBD565EEE175}"
EndProject
Project("{9A19103F-16F7-4668-BE54-9A1E7A4F7556}") = "Application", "src\Application\Application.csproj", "{EE354C6A-D824-4E92-9F6B-1824B2B3D4CA}"
EndProject
Project("{9A19103F-16F7-4668-BE54-9A1E7A4F7556}") = "API", "src\API\API.csproj", "{62D48EF2-2CFD-4648-84D9-4188FFC2AE83}"
EndProject
Project("{9A19103F-16F7-4668-BE54-9A1E7A4F7556}") = "Domain.Tests", "tests\Domain.Tests\Domain.Tests.csproj", "{7EA9AFAA-0C3E-48B3-B03C-491F96B7D5C0}"
EndProject
Global
	GlobalSection(SolutionConfigurationPlatforms) = preSolution
		Debug|Any CPU = Debug|Any CPU
		Release|Any CPU = Release|Any CPU
	EndGlobalSection
	GlobalSection(ProjectConfigurationPlatforms) = postSolution
		{DA2660A1-940A-4435-A835-D433D878D08D}.Debug|Any CPU.ActiveCfg = Debug|Any CPU
		{DA2660A1-940A-4435-A835-D433D878D08D}.Debug|Any CPU.Build.0 = Debug|Any CPU
		{DA2660A1-940A-4435-A835-D433D878D08D}.Release|Any CPU.ActiveCfg = Release|Any CPU
		{DA2660A1-940A-4435-A835-D433D878D08D}.Release|Any CPU.Build.0 = Release|Any CPU
		{C3879697-E2BB-4EEA-9B8B-DBD565EEE175}.Debug|Any CPU.ActiveCfg = Debug|Any CPU
		{C3879697-E2BB-4EEA-9B8B-DBD565EEE175}.Debug|Any CPU.Build.0 = Debug|Any CPU
		{C3879697-E2BB-4EEA-9B8B-DBD565EEE175}.Release|Any CPU.ActiveCfg = Release|Any CPU
		{C3879697-E2BB-4EEA-9B8B-DBD565EEE175}.Release|Any CPU.Build.0 = Release|Any CPU
		{EE354C6A-D824-4E92-9F6B-1824B2B3D4CA}.Debug|Any CPU.ActiveCfg = Debug|Any CPU
		{EE354C6A-D824-4E92-9F6B-1824B2B3D4CA}.Debug|Any CPU.Build.0 = Debug|Any CPU
		{EE354C6A-D824-4E92-9F6B-1824B2B3D4CA}.Release|Any CPU.ActiveCfg = Release|Any CPU
		{EE354C6A-D824-4E92-9F6B-1824B2B3D4CA}.Release|Any CPU.Build.0 = Release|Any CPU
		{62D48EF2-2CFD-4648-84D9-4188FFC2AE83}.Debug|Any CPU.ActiveCfg = Debug|Any CPU
		{62D48EF2-2CFD-4648-84D9-4188FFC2AE83}.Debug|Any CPU.Build.0 = Debug|Any CPU
		{62D48EF2-2CFD-4648-84D9-4188FFC2AE83}.Release|Any CPU.ActiveCfg = Release|Any CPU
		{62D48EF2-2CFD-4648-84D9-4188FFC2AE83}.Release|Any CPU.Build.0 = Release|Any CPU
		{7EA9AFAA-0C3E-48B3-B03C-491F96B7D5C0}.Debug|Any CPU.ActiveCfg = Debug|Any CPU
		{7EA9AFAA-0C3E-48B3-B03C-491F96B7D5C0}.Debug|Any CPU.Build.0 = Debug|Any CPU
		{7EA9AFAA-0C3E-48B3-B03C-491F96B7D5C0}.Release|Any CPU.ActiveCfg = Release|Any CPU
		{7EA9AFAA-0C3E-48B3-B03C-491F96B7D5C0}.Release|Any CPU.Build.0 = Release|Any CPU
	EndGlobalSection
	GlobalSection(SolutionProperties) = preSolution
		HideSolutionNode = FALSE
	EndGlobalSection
	GlobalSection(ExtensibilityGlobals) = postSolution
		SolutionGuid = {2028776D-3B37-4342-A1B7-905C2B20B840}
	EndGlobalSection
EndGlobal
